
Microsoft Visual Studio Solution File, Format Version 12.00
# Visual Studio Version 16
VisualStudioVersion = 16.0.31727.386
MinimumVisualStudioVersion = 10.0.40219.1
Project("{FAE04EC0-301F-11D3-BF4B-00C04F79EFBC}") = "07", "07.csproj", "{9E38F63E-F283-477C-885C-3CDBE0B842BC}"
EndProject
Global
	GlobalSection(SolutionConfigurationPlatforms) = preSolution
		Debug|Any CPU = Debug|Any CPU
		Release|Any CPU = Release|Any CPU
	EndGlobalSection
	GlobalSection(ProjectConfigurationPlatforms) = postSolution
		{9E38F63E-F283-477C-885C-3CDBE0B842BC}.Debug|Any CPU.ActiveCfg = Debug|Any CPU
		{9E38F63E-F283-477C-885C-3CDBE0B842BC}.Debug|Any CPU.Build.0 = Debug|Any CPU
		{9E38F63E-F283-477C-885C-3CDBE0B842BC}.Release|Any CPU.ActiveCfg = Release|Any CPU
		{9E38F63E-F283-477C-885C-3CDBE0B842BC}.Release|Any CPU.Build.0 = Release|Any CPU
	EndGlobalSection
	GlobalSection(SolutionProperties) = preSolution
		HideSolutionNode = FALSE
	EndGlobalSection
	GlobalSection(ExtensibilityGlobals) = postSolution
		SolutionGuid = {39F6426B-AEDF-4EAC-AB0D-190F82D96B98}
	EndGlobalSection
EndGlobal
