
Microsoft Visual Studio Solution File, Format Version 12.00
# Visual Studio Version 16
VisualStudioVersion = 16.0.31727.386
MinimumVisualStudioVersion = 10.0.40219.1
Project("{FAE04EC0-301F-11D3-BF4B-00C04F79EFBC}") = "12", "12.csproj", "{6AFCE44A-3809-440E-B708-2673742E7A46}"
EndProject
Global
	GlobalSection(SolutionConfigurationPlatforms) = preSolution
		Debug|Any CPU = Debug|Any CPU
		Release|Any CPU = Release|Any CPU
	EndGlobalSection
	GlobalSection(ProjectConfigurationPlatforms) = postSolution
		{6AFCE44A-3809-440E-B708-2673742E7A46}.Debug|Any CPU.ActiveCfg = Debug|Any CPU
		{6AFCE44A-3809-440E-B708-2673742E7A46}.Debug|Any CPU.Build.0 = Debug|Any CPU
		{6AFCE44A-3809-440E-B708-2673742E7A46}.Release|Any CPU.ActiveCfg = Release|Any CPU
		{6AFCE44A-3809-440E-B708-2673742E7A46}.Release|Any CPU.Build.0 = Release|Any CPU
	EndGlobalSection
	GlobalSection(SolutionProperties) = preSolution
		HideSolutionNode = FALSE
	EndGlobalSection
	GlobalSection(ExtensibilityGlobals) = postSolution
		SolutionGuid = {F9E85ACF-25A2-409B-8812-562A887C2F35}
	EndGlobalSection
EndGlobal
