{
  "name": "02",
  "version": "1.0.0",
  "lockfileVersion": 1,
  "requires": true,
  "dependencies": {
    "bar-charts": {
      "version": "1.0.3",
      "resolved": "https://registry.npmjs.org/bar-charts/-/bar-charts-1.0.3.tgz",
      "integrity": "sha512-dOz6XPj+qoRk4i8SCY66e3e38qF8mslH0arbcNzoznMQlCv1sjDkstVVXDEZ/m00LECE2I3zBJeBQTIVjmW3Mg=="
    }
  }
}
